{
  "name": "melf",
  "version": "2.0.15",
  "lockfileVersion": 1,
  "requires": true,
  "dependencies": {
    "antena": {
      "version": "3.1.0",
      "resolved": "https://registry.npmjs.org/antena/-/antena-3.1.0.tgz",
      "integrity": "sha512-OM/li42v5M3kYgOR310RcsqB0KqUy9Uv63CTbYG26Y7kTlhff5EExTKdzogI4EyDV6dRwn3z4iHMBiFqE65hPw==",
      "requires": {
        "posix-socket": "0.0.9",
        "ws": "^6.1.4"
      }
    },
    "async-limiter": {
      "version": "1.0.0",
      "resolved": "https://registry.npmjs.org/async-limiter/-/async-limiter-1.0.0.tgz",
      "integrity": "sha512-jp/uFnooOiO+L211eZOoSyzpOITMXx1rBITauYykG3BRYPu8h0UcxsPNB04RR5vo4Tyz3+ay17tR6JVf9qzYWg=="
    },
    "posix-socket": {
      "version": "0.0.9",
      "resolved": "https://registry.npmjs.org/posix-socket/-/posix-socket-0.0.9.tgz",
      "integrity": "sha512-IepN/rkhA1N+fYLTX7rfcbUvwxBr8ljDlNemoWnNBXEmTNCeUKXSXR6INKkNNX0LU4a2ZRk6SyH7wTwcvSd/KA=="
    },
    "ws": {
      "version": "6.1.4",
      "resolved": "https://registry.npmjs.org/ws/-/ws-6.1.4.tgz",
      "integrity": "sha512-eqZfL+NE/YQc1/ZynhojeV8q+H050oR8AZ2uIev7RU10svA9ZnJUddHcOUZTJLinZ9yEfdA2kSATS2qZK5fhJA==",
      "requires": {
        "async-limiter": "~1.0.0"
      }
    }
  }
}
