{
  "name": "melf",
  "version": "2.2.14",
  "lockfileVersion": 1,
  "requires": true,
  "dependencies": {
    "antena": {
      "version": "4.0.10",
      "resolved": "http://localhost:4873/antena/-/antena-4.0.10.tgz",
      "integrity": "sha512-VYb1TP1050xjB8lg00EdeV54If4Lnds6Pq7YjgRgb3qGU/PjAMBpmDPz+gKxuxGNs356l10RSZfVnQtfgXxItQ==",
      "requires": {
        "posix-socket": "0.0.11",
        "ws": "^6.2.0"
      }
    },
    "async-limiter": {
      "version": "1.0.1",
      "resolved": "http://localhost:4873/async-limiter/-/async-limiter-1.0.1.tgz",
      "integrity": "sha512-csOlWGAcRFJaI6m+F2WKdnMKr4HhdhFVBk0H/QbJFMCr+uO2kwohwXQPxw/9OCxp05r5ghVBFSyioixx3gfkNQ=="
    },
    "posix-socket": {
      "version": "0.0.11",
      "resolved": "http://localhost:4873/posix-socket/-/posix-socket-0.0.11.tgz",
      "integrity": "sha512-MZjARSypNCuVg5GM6FUeJQLxcWO/WWEQJb4NFxLXczHUpFUrx3oasn0DTHUbteDKZqGM7qlWk9FSciKmaOEkww=="
    },
    "ws": {
      "version": "6.2.1",
      "resolved": "http://localhost:4873/ws/-/ws-6.2.1.tgz",
      "integrity": "sha512-GIyAXC2cB7LjvpgMt9EKS2ldqr0MTrORaleiOno6TweZ6r3TKtoFQWay/2PceJ3RuBasOHzXNn5Lrw1X0bEjqA==",
      "requires": {
        "async-limiter": "~1.0.0"
      }
    }
  }
}
